
Microsoft Visual Studio Solution File, Format Version 12.00
# Visual Studio 15
VisualStudioVersion = 15.0.28307.329
MinimumVisualStudioVersion = 10.0.40219.1
Project("{FAE04EC0-301F-11D3-BF4B-00C04F79EFBC}") = "CarRetailNetwork", "CarRetailNetwork\CarRetailNetwork.csproj", "{A8CA3BFA-948B-4F32-9575-7A76B738097E}"
EndProject
Global
	GlobalSection(SolutionConfigurationPlatforms) = preSolution
		Debug|Any CPU = Debug|Any CPU
		Release|Any CPU = Release|Any CPU
	EndGlobalSection
	GlobalSection(ProjectConfigurationPlatforms) = postSolution
		{A8CA3BFA-948B-4F32-9575-7A76B738097E}.Debug|Any CPU.ActiveCfg = Debug|Any CPU
		{A8CA3BFA-948B-4F32-9575-7A76B738097E}.Debug|Any CPU.Build.0 = Debug|Any CPU
		{A8CA3BFA-948B-4F32-9575-7A76B738097E}.Release|Any CPU.ActiveCfg = Release|Any CPU
		{A8CA3BFA-948B-4F32-9575-7A76B738097E}.Release|Any CPU.Build.0 = Release|Any CPU
	EndGlobalSection
	GlobalSection(SolutionProperties) = preSolution
		HideSolutionNode = FALSE
	EndGlobalSection
	GlobalSection(ExtensibilityGlobals) = postSolution
		SolutionGuid = {D1657246-64D5-42BD-8710-6B5D6430952C}
	EndGlobalSection
EndGlobal
